// !$*UTF8*$!
{
	archiveVersion = 1;
	classes = {
	};
	objectVersion = 56;
	objects = {

/* Begin PBXBuildFile section */
		3B2734042B6D978000DDE1E0 /* ScreenView.swift in Sources */ = {isa = PBXBuildFile; fileRef = 3B2734032B6D978000DDE1E0 /* ScreenView.swift */; };
		3B416FCB2B818F5F00E0F50E /* DashboardView.swift in Sources */ = {isa = PBXBuildFile; fileRef = 3B416FCA2B818F5F00E0F50E /* DashboardView.swift */; };
		3B416FCD2B818FB000E0F50E /* Persistence.swift in Sources */ = {isa = PBXBuildFile; fileRef = 3B416FCC2B818FB000E0F50E /* Persistence.swift */; };
		3B416FD32B8190DA00E0F50E /* MealView.swift in Sources */ = {isa = PBXBuildFile; fileRef = 3B416FD22B8190DA00E0F50E /* MealView.swift */; };
		3B416FD52B81911300E0F50E /* ProfileView.swift in Sources */ = {isa = PBXBuildFile; fileRef = 3B416FD42B81911300E0F50E /* ProfileView.swift */; };
		3B5C29F82B75C644005F50D8 /* GoogleService-Info.plist in Resources */ = {isa = PBXBuildFile; fileRef = 3B5C29F72B75C644005F50D8 /* GoogleService-Info.plist */; };
		3B65E1F22B81A24100C6824F /* HealthManager.swift in Sources */ = {isa = PBXBuildFile; fileRef = 3B65E1F12B81A24100C6824F /* HealthManager.swift */; };
		3B9959B92B6DA32A00D53BCD /* AppDelegate.swift in Sources */ = {isa = PBXBuildFile; fileRef = 3B9959B82B6DA32A00D53BCD /* AppDelegate.swift */; };
		3BAFC1862B75C4FA0029D4CA /* FirebaseAnalytics in Frameworks */ = {isa = PBXBuildFile; productRef = 3BAFC1852B75C4FA0029D4CA /* FirebaseAnalytics */; };
		3BAFC1882B75C4FA0029D4CA /* FirebaseAnalyticsOnDeviceConversion in Frameworks */ = {isa = PBXBuildFile; productRef = 3BAFC1872B75C4FA0029D4CA /* FirebaseAnalyticsOnDeviceConversion */; };
		3BAFC18A2B75C4FA0029D4CA /* FirebaseAnalyticsSwift in Frameworks */ = {isa = PBXBuildFile; productRef = 3BAFC1892B75C4FA0029D4CA /* FirebaseAnalyticsSwift */; };
		3BAFC18C2B75C4FA0029D4CA /* FirebaseAnalyticsWithoutAdIdSupport in Frameworks */ = {isa = PBXBuildFile; productRef = 3BAFC18B2B75C4FA0029D4CA /* FirebaseAnalyticsWithoutAdIdSupport */; };
		3BAFC18E2B75C4FA0029D4CA /* FirebaseAppCheck in Frameworks */ = {isa = PBXBuildFile; productRef = 3BAFC18D2B75C4FA0029D4CA /* FirebaseAppCheck */; };
		3BC04AA62B82036A00D12C0F /* WelcomeView.swift in Sources */ = {isa = PBXBuildFile; fileRef = 3BC04AA52B82036A00D12C0F /* WelcomeView.swift */; };
		3BD1DAB42B6B2D8100C199E8 /* FlexiFitApp.swift in Sources */ = {isa = PBXBuildFile; fileRef = 3BD1DAB32B6B2D8100C199E8 /* FlexiFitApp.swift */; };
		3BD1DAB62B6B2D8100C199E8 /* LoginView.swift in Sources */ = {isa = PBXBuildFile; fileRef = 3BD1DAB52B6B2D8100C199E8 /* LoginView.swift */; };
		3BD1DAB82B6B2D8200C199E8 /* Assets.xcassets in Resources */ = {isa = PBXBuildFile; fileRef = 3BD1DAB72B6B2D8200C199E8 /* Assets.xcassets */; };
		3BD1DABB2B6B2D8200C199E8 /* Preview Assets.xcassets in Resources */ = {isa = PBXBuildFile; fileRef = 3BD1DABA2B6B2D8200C199E8 /* Preview Assets.xcassets */; };
		3BF13B402B81E2C8000DE0AD /* FirebaseAuth in Frameworks */ = {isa = PBXBuildFile; productRef = 3BF13B3F2B81E2C8000DE0AD /* FirebaseAuth */; };
/* End PBXBuildFile section */

/* Begin PBXFileReference section */
		3B174F672B829B8C00BFA7A8 /* FlexiFitRelease.entitlements */ = {isa = PBXFileReference; lastKnownFileType = text.plist.entitlements; name = FlexiFitRelease.entitlements; path = ../../../.Trash/FlexiFitRelease.entitlements; sourceTree = "<group>"; };
		3B174F682B829B8E00BFA7A8 /* FlexiFit.entitlements */ = {isa = PBXFileReference; lastKnownFileType = text.plist.entitlements; path = FlexiFit.entitlements; sourceTree = "<group>"; };
		3B2734032B6D978000DDE1E0 /* ScreenView.swift */ = {isa = PBXFileReference; lastKnownFileType = sourcecode.swift; path = ScreenView.swift; sourceTree = "<group>"; };
		3B416FC82B81895100E0F50E /* HealthKit.framework */ = {isa = PBXFileReference; lastKnownFileType = wrapper.framework; name = HealthKit.framework; path = System/Library/Frameworks/HealthKit.framework; sourceTree = SDKROOT; };
		3B416FCA2B818F5F00E0F50E /* DashboardView.swift */ = {isa = PBXFileReference; lastKnownFileType = sourcecode.swift; path = DashboardView.swift; sourceTree = "<group>"; };
		3B416FCC2B818FB000E0F50E /* Persistence.swift */ = {isa = PBXFileReference; lastKnownFileType = sourcecode.swift; path = Persistence.swift; sourceTree = "<group>"; };
		3B416FCE2B818FC300E0F50E /* CoreData.framework */ = {isa = PBXFileReference; lastKnownFileType = wrapper.framework; name = CoreData.framework; path = System/Library/Frameworks/CoreData.framework; sourceTree = SDKROOT; };
		3B416FD22B8190DA00E0F50E /* MealView.swift */ = {isa = PBXFileReference; lastKnownFileType = sourcecode.swift; path = MealView.swift; sourceTree = "<group>"; };
		3B416FD42B81911300E0F50E /* ProfileView.swift */ = {isa = PBXFileReference; lastKnownFileType = sourcecode.swift; path = ProfileView.swift; sourceTree = "<group>"; };
		3B5C29F72B75C644005F50D8 /* GoogleService-Info.plist */ = {isa = PBXFileReference; fileEncoding = 4; lastKnownFileType = text.plist.xml; path = "GoogleService-Info.plist"; sourceTree = "<group>"; };
		3B65E1F12B81A24100C6824F /* HealthManager.swift */ = {isa = PBXFileReference; lastKnownFileType = sourcecode.swift; path = HealthManager.swift; sourceTree = "<group>"; };
		3B9959B82B6DA32A00D53BCD /* AppDelegate.swift */ = {isa = PBXFileReference; lastKnownFileType = sourcecode.swift; path = AppDelegate.swift; sourceTree = "<group>"; };
		3BC04AA52B82036A00D12C0F /* WelcomeView.swift */ = {isa = PBXFileReference; lastKnownFileType = sourcecode.swift; path = WelcomeView.swift; sourceTree = "<group>"; };
		3BD1DAB02B6B2D8100C199E8 /* FlexiFit.app */ = {isa = PBXFileReference; explicitFileType = wrapper.application; includeInIndex = 0; path = FlexiFit.app; sourceTree = BUILT_PRODUCTS_DIR; };
		3BD1DAB32B6B2D8100C199E8 /* FlexiFitApp.swift */ = {isa = PBXFileReference; lastKnownFileType = sourcecode.swift; path = FlexiFitApp.swift; sourceTree = "<group>"; };
		3BD1DAB52B6B2D8100C199E8 /* LoginView.swift */ = {isa = PBXFileReference; lastKnownFileType = sourcecode.swift; path = LoginView.swift; sourceTree = "<group>"; };
		3BD1DAB72B6B2D8200C199E8 /* Assets.xcassets */ = {isa = PBXFileReference; lastKnownFileType = folder.assetcatalog; path = Assets.xcassets; sourceTree = "<group>"; };
		3BD1DABA2B6B2D8200C199E8 /* Preview Assets.xcassets */ = {isa = PBXFileReference; lastKnownFileType = folder.assetcatalog; path = "Preview Assets.xcassets"; sourceTree = "<group>"; };
/* End PBXFileReference section */

/* Begin PBXFrameworksBuildPhase section */
		3BD1DAAD2B6B2D8100C199E8 /* Frameworks */ = {
			isa = PBXFrameworksBuildPhase;
			buildActionMask = 2147483647;
			files = (
				3BAFC18A2B75C4FA0029D4CA /* FirebaseAnalyticsSwift in Frameworks */,
				3BF13B402B81E2C8000DE0AD /* FirebaseAuth in Frameworks */,
				3BAFC1862B75C4FA0029D4CA /* FirebaseAnalytics in Frameworks */,
				3BAFC1882B75C4FA0029D4CA /* FirebaseAnalyticsOnDeviceConversion in Frameworks */,
				3BAFC18E2B75C4FA0029D4CA /* FirebaseAppCheck in Frameworks */,
				3BAFC18C2B75C4FA0029D4CA /* FirebaseAnalyticsWithoutAdIdSupport in Frameworks */,
			);
			runOnlyForDeploymentPostprocessing = 0;
		};
/* End PBXFrameworksBuildPhase section */

/* Begin PBXGroup section */
		3B416FC72B81895100E0F50E /* Frameworks */ = {
			isa = PBXGroup;
			children = (
				3B416FCE2B818FC300E0F50E /* CoreData.framework */,
				3B416FC82B81895100E0F50E /* HealthKit.framework */,
			);
			name = Frameworks;
			sourceTree = "<group>";
		};
		3BD1DAA72B6B2D8100C199E8 = {
			isa = PBXGroup;
			children = (
				3B5C29F72B75C644005F50D8 /* GoogleService-Info.plist */,
				3B174F672B829B8C00BFA7A8 /* FlexiFitRelease.entitlements */,
				3B174F682B829B8E00BFA7A8 /* FlexiFit.entitlements */,
				3BD1DAB22B6B2D8100C199E8 /* FlexiFit */,
				3BD1DAB12B6B2D8100C199E8 /* Products */,
				3B416FC72B81895100E0F50E /* Frameworks */,
			);
			sourceTree = "<group>";
		};
		3BD1DAB12B6B2D8100C199E8 /* Products */ = {
			isa = PBXGroup;
			children = (
				3BD1DAB02B6B2D8100C199E8 /* FlexiFit.app */,
			);
			name = Products;
			sourceTree = "<group>";
		};
		3BD1DAB22B6B2D8100C199E8 /* FlexiFit */ = {
			isa = PBXGroup;
			children = (
				3BD1DAB32B6B2D8100C199E8 /* FlexiFitApp.swift */,
				3BD1DAB52B6B2D8100C199E8 /* LoginView.swift */,
				3B2734032B6D978000DDE1E0 /* ScreenView.swift */,
				3B9959B82B6DA32A00D53BCD /* AppDelegate.swift */,
				3B416FCA2B818F5F00E0F50E /* DashboardView.swift */,
				3B416FCC2B818FB000E0F50E /* Persistence.swift */,
				3B416FD22B8190DA00E0F50E /* MealView.swift */,
				3B416FD42B81911300E0F50E /* ProfileView.swift */,
				3BD1DAB72B6B2D8200C199E8 /* Assets.xcassets */,
				3BD1DAB92B6B2D8200C199E8 /* Preview Content */,
				3B65E1F12B81A24100C6824F /* HealthManager.swift */,
				3BC04AA52B82036A00D12C0F /* WelcomeView.swift */,
			);
			path = FlexiFit;
			sourceTree = "<group>";
		};
		3BD1DAB92B6B2D8200C199E8 /* Preview Content */ = {
			isa = PBXGroup;
			children = (
				3BD1DABA2B6B2D8200C199E8 /* Preview Assets.xcassets */,
			);
			path = "Preview Content";
			sourceTree = "<group>";
		};
/* End PBXGroup section */

/* Begin PBXNativeTarget section */
		3BD1DAAF2B6B2D8100C199E8 /* FlexiFit */ = {
			isa = PBXNativeTarget;
			buildConfigurationList = 3BD1DABE2B6B2D8200C199E8 /* Build configuration list for PBXNativeTarget "FlexiFit" */;
			buildPhases = (
				3BD1DAAC2B6B2D8100C199E8 /* Sources */,
				3BD1DAAD2B6B2D8100C199E8 /* Frameworks */,
				3BD1DAAE2B6B2D8100C199E8 /* Resources */,
			);
			buildRules = (
			);
			dependencies = (
			);
			name = FlexiFit;
			packageProductDependencies = (
				3BAFC1852B75C4FA0029D4CA /* FirebaseAnalytics */,
				3BAFC1872B75C4FA0029D4CA /* FirebaseAnalyticsOnDeviceConversion */,
				3BAFC1892B75C4FA0029D4CA /* FirebaseAnalyticsSwift */,
				3BAFC18B2B75C4FA0029D4CA /* FirebaseAnalyticsWithoutAdIdSupport */,
				3BAFC18D2B75C4FA0029D4CA /* FirebaseAppCheck */,
				3BF13B3F2B81E2C8000DE0AD /* FirebaseAuth */,
			);
			productName = FlexiFit;
			productReference = 3BD1DAB02B6B2D8100C199E8 /* FlexiFit.app */;
			productType = "com.apple.product-type.application";
		};
/* End PBXNativeTarget section */

/* Begin PBXProject section */
		3BD1DAA82B6B2D8100C199E8 /* Project object */ = {
			isa = PBXProject;
			attributes = {
				BuildIndependentTargetsInParallel = 1;
				LastSwiftUpdateCheck = 1520;
				LastUpgradeCheck = 1520;
				TargetAttributes = {
					3BD1DAAF2B6B2D8100C199E8 = {
						CreatedOnToolsVersion = 15.2;
					};
				};
			};
			buildConfigurationList = 3BD1DAAB2B6B2D8100C199E8 /* Build configuration list for PBXProject "FlexiFit" */;
			compatibilityVersion = "Xcode 14.0";
			developmentRegion = en;
			hasScannedForEncodings = 0;
			knownRegions = (
				en,
				Base,
			);
			mainGroup = 3BD1DAA72B6B2D8100C199E8;
			packageReferences = (
				3BAFC1842B75C4FA0029D4CA /* XCRemoteSwiftPackageReference "firebase-ios-sdk" */,
			);
			productRefGroup = 3BD1DAB12B6B2D8100C199E8 /* Products */;
			projectDirPath = "";
			projectRoot = "";
			targets = (
				3BD1DAAF2B6B2D8100C199E8 /* FlexiFit */,
			);
		};
/* End PBXProject section */

/* Begin PBXResourcesBuildPhase section */
		3BD1DAAE2B6B2D8100C199E8 /* Resources */ = {
			isa = PBXResourcesBuildPhase;
			buildActionMask = 2147483647;
			files = (
				3BD1DABB2B6B2D8200C199E8 /* Preview Assets.xcassets in Resources */,
				3BD1DAB82B6B2D8200C199E8 /* Assets.xcassets in Resources */,
				3B5C29F82B75C644005F50D8 /* GoogleService-Info.plist in Resources */,
			);
			runOnlyForDeploymentPostprocessing = 0;
		};
/* End PBXResourcesBuildPhase section */

/* Begin PBXSourcesBuildPhase section */
		3BD1DAAC2B6B2D8100C199E8 /* Sources */ = {
			isa = PBXSourcesBuildPhase;
			buildActionMask = 2147483647;
			files = (
				3B416FD52B81911300E0F50E /* ProfileView.swift in Sources */,
				3B65E1F22B81A24100C6824F /* HealthManager.swift in Sources */,
				3B9959B92B6DA32A00D53BCD /* AppDelegate.swift in Sources */,
				3BD1DAB62B6B2D8100C199E8 /* LoginView.swift in Sources */,
				3B416FCB2B818F5F00E0F50E /* DashboardView.swift in Sources */,
				3BC04AA62B82036A00D12C0F /* WelcomeView.swift in Sources */,
				3B416FD32B8190DA00E0F50E /* MealView.swift in Sources */,
				3B416FCD2B818FB000E0F50E /* Persistence.swift in Sources */,
				3B2734042B6D978000DDE1E0 /* ScreenView.swift in Sources */,
				3BD1DAB42B6B2D8100C199E8 /* FlexiFitApp.swift in Sources */,
			);
			runOnlyForDeploymentPostprocessing = 0;
		};
/* End PBXSourcesBuildPhase section */

/* Begin XCBuildConfiguration section */
		3BD1DABC2B6B2D8200C199E8 /* Debug */ = {
			isa = XCBuildConfiguration;
			buildSettings = {
				ALWAYS_SEARCH_USER_PATHS = NO;
				ASSETCATALOG_COMPILER_GENERATE_SWIFT_ASSET_SYMBOL_EXTENSIONS = YES;
				CLANG_ANALYZER_NONNULL = YES;
				CLANG_ANALYZER_NUMBER_OBJECT_CONVERSION = YES_AGGRESSIVE;
				CLANG_CXX_LANGUAGE_STANDARD = "gnu++20";
				CLANG_ENABLE_MODULES = YES;
				CLANG_ENABLE_OBJC_ARC = YES;
				CLANG_ENABLE_OBJC_WEAK = YES;
				CLANG_WARN_BLOCK_CAPTURE_AUTORELEASING = YES;
				CLANG_WARN_BOOL_CONVERSION = YES;
				CLANG_WARN_COMMA = YES;
				CLANG_WARN_CONSTANT_CONVERSION = YES;
				CLANG_WARN_DEPRECATED_OBJC_IMPLEMENTATIONS = YES;
				CLANG_WARN_DIRECT_OBJC_ISA_USAGE = YES_ERROR;
				CLANG_WARN_DOCUMENTATION_COMMENTS = YES;
				CLANG_WARN_EMPTY_BODY = YES;
				CLANG_WARN_ENUM_CONVERSION = YES;
				CLANG_WARN_INFINITE_RECURSION = YES;
				CLANG_WARN_INT_CONVERSION = YES;
				CLANG_WARN_NON_LITERAL_NULL_CONVERSION = YES;
				CLANG_WARN_OBJC_IMPLICIT_RETAIN_SELF = YES;
				CLANG_WARN_OBJC_LITERAL_CONVERSION = YES;
				CLANG_WARN_OBJC_ROOT_CLASS = YES_ERROR;
				CLANG_WARN_QUOTED_INCLUDE_IN_FRAMEWORK_HEADER = YES;
				CLANG_WARN_RANGE_LOOP_ANALYSIS = YES;
				CLANG_WARN_STRICT_PROTOTYPES = YES;
				CLANG_WARN_SUSPICIOUS_MOVE = YES;
				CLANG_WARN_UNGUARDED_AVAILABILITY = YES_AGGRESSIVE;
				CLANG_WARN_UNREACHABLE_CODE = YES;
				CLANG_WARN__DUPLICATE_METHOD_MATCH = YES;
				COPY_PHASE_STRIP = NO;
				DEBUG_INFORMATION_FORMAT = dwarf;
				ENABLE_STRICT_OBJC_MSGSEND = YES;
				ENABLE_TESTABILITY = YES;
				ENABLE_USER_SCRIPT_SANDBOXING = YES;
				GCC_C_LANGUAGE_STANDARD = gnu17;
				GCC_DYNAMIC_NO_PIC = NO;
				GCC_NO_COMMON_BLOCKS = YES;
				GCC_OPTIMIZATION_LEVEL = 0;
				GCC_PREPROCESSOR_DEFINITIONS = (
					"DEBUG=1",
					"$(inherited)",
				);
				GCC_WARN_64_TO_32_BIT_CONVERSION = YES;
				GCC_WARN_ABOUT_RETURN_TYPE = YES_ERROR;
				GCC_WARN_UNDECLARED_SELECTOR = YES;
				GCC_WARN_UNINITIALIZED_AUTOS = YES_AGGRESSIVE;
				GCC_WARN_UNUSED_FUNCTION = YES;
				GCC_WARN_UNUSED_VARIABLE = YES;
				IPHONEOS_DEPLOYMENT_TARGET = 17.2;
				LOCALIZATION_PREFERS_STRING_CATALOGS = YES;
				MTL_ENABLE_DEBUG_INFO = INCLUDE_SOURCE;
				MTL_FAST_MATH = YES;
				ONLY_ACTIVE_ARCH = YES;
				SDKROOT = iphoneos;
				SWIFT_ACTIVE_COMPILATION_CONDITIONS = "DEBUG $(inherited)";
				SWIFT_OPTIMIZATION_LEVEL = "-Onone";
			};
			name = Debug;
		};
		3BD1DABD2B6B2D8200C199E8 /* Release */ = {
			isa = XCBuildConfiguration;
			buildSettings = {
				ALWAYS_SEARCH_USER_PATHS = NO;
				ASSETCATALOG_COMPILER_GENERATE_SWIFT_ASSET_SYMBOL_EXTENSIONS = YES;
				CLANG_ANALYZER_NONNULL = YES;
				CLANG_ANALYZER_NUMBER_OBJECT_CONVERSION = YES_AGGRESSIVE;
				CLANG_CXX_LANGUAGE_STANDARD = "gnu++20";
				CLANG_ENABLE_MODULES = YES;
				CLANG_ENABLE_OBJC_ARC = YES;
				CLANG_ENABLE_OBJC_WEAK = YES;
				CLANG_WARN_BLOCK_CAPTURE_AUTORELEASING = YES;
				CLANG_WARN_BOOL_CONVERSION = YES;
				CLANG_WARN_COMMA = YES;
				CLANG_WARN_CONSTANT_CONVERSION = YES;
				CLANG_WARN_DEPRECATED_OBJC_IMPLEMENTATIONS = YES;
				CLANG_WARN_DIRECT_OBJC_ISA_USAGE = YES_ERROR;
				CLANG_WARN_DOCUMENTATION_COMMENTS = YES;
				CLANG_WARN_EMPTY_BODY = YES;
				CLANG_WARN_ENUM_CONVERSION = YES;
				CLANG_WARN_INFINITE_RECURSION = YES;
				CLANG_WARN_INT_CONVERSION = YES;
				CLANG_WARN_NON_LITERAL_NULL_CONVERSION = YES;
				CLANG_WARN_OBJC_IMPLICIT_RETAIN_SELF = YES;
				CLANG_WARN_OBJC_LITERAL_CONVERSION = YES;
				CLANG_WARN_OBJC_ROOT_CLASS = YES_ERROR;
				CLANG_WARN_QUOTED_INCLUDE_IN_FRAMEWORK_HEADER = YES;
				CLANG_WARN_RANGE_LOOP_ANALYSIS = YES;
				CLANG_WARN_STRICT_PROTOTYPES = YES;
				CLANG_WARN_SUSPICIOUS_MOVE = YES;
				CLANG_WARN_UNGUARDED_AVAILABILITY = YES_AGGRESSIVE;
				CLANG_WARN_UNREACHABLE_CODE = YES;
				CLANG_WARN__DUPLICATE_METHOD_MATCH = YES;
				COPY_PHASE_STRIP = NO;
				DEBUG_INFORMATION_FORMAT = "dwarf-with-dsym";
				ENABLE_NS_ASSERTIONS = NO;
				ENABLE_STRICT_OBJC_MSGSEND = YES;
				ENABLE_USER_SCRIPT_SANDBOXING = YES;
				GCC_C_LANGUAGE_STANDARD = gnu17;
				GCC_NO_COMMON_BLOCKS = YES;
				GCC_WARN_64_TO_32_BIT_CONVERSION = YES;
				GCC_WARN_ABOUT_RETURN_TYPE = YES_ERROR;
				GCC_WARN_UNDECLARED_SELECTOR = YES;
				GCC_WARN_UNINITIALIZED_AUTOS = YES_AGGRESSIVE;
				GCC_WARN_UNUSED_FUNCTION = YES;
				GCC_WARN_UNUSED_VARIABLE = YES;
				IPHONEOS_DEPLOYMENT_TARGET = 17.2;
				LOCALIZATION_PREFERS_STRING_CATALOGS = YES;
				MTL_ENABLE_DEBUG_INFO = NO;
				MTL_FAST_MATH = YES;
				SDKROOT = iphoneos;
				SWIFT_COMPILATION_MODE = wholemodule;
				VALIDATE_PRODUCT = YES;
			};
			name = Release;
		};
		3BD1DABF2B6B2D8200C199E8 /* Debug */ = {
			isa = XCBuildConfiguration;
			buildSettings = {
				ASSETCATALOG_COMPILER_APPICON_NAME = AppIcon;
				ASSETCATALOG_COMPILER_GLOBAL_ACCENT_COLOR_NAME = AccentColor;
				CODE_SIGN_ENTITLEMENTS = FlexiFit/FlexiFit.entitlements;
				CODE_SIGN_IDENTITY = "Apple Development";
				CODE_SIGN_STYLE = Automatic;
				CURRENT_PROJECT_VERSION = 1;
				DEVELOPMENT_ASSET_PATHS = "\"FlexiFit/Preview Content\"";
				DEVELOPMENT_TEAM = 3G5RG6R8D2;
				ENABLE_PREVIEWS = YES;
				GENERATE_INFOPLIST_FILE = YES;
				INFOPLIST_KEY_NSHealthShareUsageDescription = "Needs access to work with features of our application";
				INFOPLIST_KEY_NSHealthUpdateUsageDescription = "Needs access to work with features of our application";
				INFOPLIST_KEY_UIApplicationSceneManifest_Generation = YES;
				INFOPLIST_KEY_UIApplicationSupportsIndirectInputEvents = YES;
				INFOPLIST_KEY_UILaunchScreen_Generation = YES;
				INFOPLIST_KEY_UISupportedInterfaceOrientations_iPad = "UIInterfaceOrientationPortrait UIInterfaceOrientationPortraitUpsideDown UIInterfaceOrientationLandscapeLeft UIInterfaceOrientationLandscapeRight";
				INFOPLIST_KEY_UISupportedInterfaceOrientations_iPhone = "UIInterfaceOrientationPortrait UIInterfaceOrientationLandscapeLeft UIInterfaceOrientationLandscapeRight";
				LD_RUNPATH_SEARCH_PATHS = (
					"$(inherited)",
					"@executable_path/Frameworks",
				);
				MARKETING_VERSION = 1.0;
				PRODUCT_BUNDLE_IDENTIFIER = Vini.FlexiFit;
				PRODUCT_NAME = "$(TARGET_NAME)";
				PROVISIONING_PROFILE_SPECIFIER = "";
				SWIFT_EMIT_LOC_STRINGS = YES;
				SWIFT_VERSION = 5.0;
				TARGETED_DEVICE_FAMILY = "1,2";
			};
			name = Debug;
		};
		3BD1DAC02B6B2D8200C199E8 /* Release */ = {
			isa = XCBuildConfiguration;
			buildSettings = {
				ASSETCATALOG_COMPILER_APPICON_NAME = AppIcon;
				ASSETCATALOG_COMPILER_GLOBAL_ACCENT_COLOR_NAME = AccentColor;
				CODE_SIGN_ENTITLEMENTS = FlexiFit/FlexiFitRelease.entitlements;
				CODE_SIGN_IDENTITY = "Apple Development";
				CODE_SIGN_STYLE = Automatic;
				CURRENT_PROJECT_VERSION = 1;
				DEVELOPMENT_ASSET_PATHS = "\"FlexiFit/Preview Content\"";
				DEVELOPMENT_TEAM = 3G5RG6R8D2;
				ENABLE_PREVIEWS = YES;
				GENERATE_INFOPLIST_FILE = YES;
				INFOPLIST_KEY_NSHealthShareUsageDescription = "Needs access to work with features of our application";
				INFOPLIST_KEY_NSHealthUpdateUsageDescription = "Needs access to work with features of our application";
				INFOPLIST_KEY_UIApplicationSceneManifest_Generation = YES;
				INFOPLIST_KEY_UIApplicationSupportsIndirectInputEvents = YES;
				INFOPLIST_KEY_UILaunchScreen_Generation = YES;
				INFOPLIST_KEY_UISupportedInterfaceOrientations_iPad = "UIInterfaceOrientationPortrait UIInterfaceOrientationPortraitUpsideDown UIInterfaceOrientationLandscapeLeft UIInterfaceOrientationLandscapeRight";
				INFOPLIST_KEY_UISupportedInterfaceOrientations_iPhone = "UIInterfaceOrientationPortrait UIInterfaceOrientationLandscapeLeft UIInterfaceOrientationLandscapeRight";
				LD_RUNPATH_SEARCH_PATHS = (
					"$(inherited)",
					"@executable_path/Frameworks",
				);
				MARKETING_VERSION = 1.0;
				PRODUCT_BUNDLE_IDENTIFIER = Vini.FlexiFit;
				PRODUCT_NAME = "$(TARGET_NAME)";
				PROVISIONING_PROFILE_SPECIFIER = "";
				SWIFT_EMIT_LOC_STRINGS = YES;
				SWIFT_VERSION = 5.0;
				TARGETED_DEVICE_FAMILY = "1,2";
			};
			name = Release;
		};
/* End XCBuildConfiguration section */

/* Begin XCConfigurationList section */
		3BD1DAAB2B6B2D8100C199E8 /* Build configuration list for PBXProject "FlexiFit" */ = {
			isa = XCConfigurationList;
			buildConfigurations = (
				3BD1DABC2B6B2D8200C199E8 /* Debug */,
				3BD1DABD2B6B2D8200C199E8 /* Release */,
			);
			defaultConfigurationIsVisible = 0;
			defaultConfigurationName = Release;
		};
		3BD1DABE2B6B2D8200C199E8 /* Build configuration list for PBXNativeTarget "FlexiFit" */ = {
			isa = XCConfigurationList;
			buildConfigurations = (
				3BD1DABF2B6B2D8200C199E8 /* Debug */,
				3BD1DAC02B6B2D8200C199E8 /* Release */,
			);
			defaultConfigurationIsVisible = 0;
			defaultConfigurationName = Release;
		};
/* End XCConfigurationList section */

/* Begin XCRemoteSwiftPackageReference section */
		3BAFC1842B75C4FA0029D4CA /* XCRemoteSwiftPackageReference "firebase-ios-sdk" */ = {
			isa = XCRemoteSwiftPackageReference;
			repositoryURL = "https://github.com/firebase/firebase-ios-sdk";
			requirement = {
				kind = upToNextMajorVersion;
				minimumVersion = 10.21.0;
			};
		};
/* End XCRemoteSwiftPackageReference section */

/* Begin XCSwiftPackageProductDependency section */
		3BAFC1852B75C4FA0029D4CA /* FirebaseAnalytics */ = {
			isa = XCSwiftPackageProductDependency;
			package = 3BAFC1842B75C4FA0029D4CA /* XCRemoteSwiftPackageReference "firebase-ios-sdk" */;
			productName = FirebaseAnalytics;
		};
		3BAFC1872B75C4FA0029D4CA /* FirebaseAnalyticsOnDeviceConversion */ = {
			isa = XCSwiftPackageProductDependency;
			package = 3BAFC1842B75C4FA0029D4CA /* XCRemoteSwiftPackageReference "firebase-ios-sdk" */;
			productName = FirebaseAnalyticsOnDeviceConversion;
		};
		3BAFC1892B75C4FA0029D4CA /* FirebaseAnalyticsSwift */ = {
			isa = XCSwiftPackageProductDependency;
			package = 3BAFC1842B75C4FA0029D4CA /* XCRemoteSwiftPackageReference "firebase-ios-sdk" */;
			productName = FirebaseAnalyticsSwift;
		};
		3BAFC18B2B75C4FA0029D4CA /* FirebaseAnalyticsWithoutAdIdSupport */ = {
			isa = XCSwiftPackageProductDependency;
			package = 3BAFC1842B75C4FA0029D4CA /* XCRemoteSwiftPackageReference "firebase-ios-sdk" */;
			productName = FirebaseAnalyticsWithoutAdIdSupport;
		};
		3BAFC18D2B75C4FA0029D4CA /* FirebaseAppCheck */ = {
			isa = XCSwiftPackageProductDependency;
			package = 3BAFC1842B75C4FA0029D4CA /* XCRemoteSwiftPackageReference "firebase-ios-sdk" */;
			productName = FirebaseAppCheck;
		};
		3BF13B3F2B81E2C8000DE0AD /* FirebaseAuth */ = {
			isa = XCSwiftPackageProductDependency;
			package = 3BAFC1842B75C4FA0029D4CA /* XCRemoteSwiftPackageReference "firebase-ios-sdk" */;
			productName = FirebaseAuth;
		};
/* End XCSwiftPackageProductDependency section */
	};
	rootObject = 3BD1DAA82B6B2D8100C199E8 /* Project object */;
}
